
Microsoft Visual Studio Solution File, Format Version 11.00
# Visual Studio 2010
Project("{FAE04EC0-301F-11D3-BF4B-00C04F79EFBC}") = "Assembly-CSharp", "Assembly-CSharp.csproj", "{69CAD10A-AA72-B08C-41D7-EF645AC4665D}"
EndProject
Project("{FAE04EC0-301F-11D3-BF4B-00C04F79EFBC}") = "Assembly-CSharp-Editor", "Assembly-CSharp-Editor.csproj", "{ADF2F7D4-532D-FB48-3665-FC93F52149A0}"
EndProject
Global
	GlobalSection(SolutionConfigurationPlatforms) = preSolution
		Debug|Any CPU = Debug|Any CPU
		Release|Any CPU = Release|Any CPU
	EndGlobalSection
	GlobalSection(ProjectConfigurationPlatforms) = postSolution
		{69CAD10A-AA72-B08C-41D7-EF645AC4665D}.Debug|Any CPU.ActiveCfg = Debug|Any CPU
		{69CAD10A-AA72-B08C-41D7-EF645AC4665D}.Debug|Any CPU.Build.0 = Debug|Any CPU
		{69CAD10A-AA72-B08C-41D7-EF645AC4665D}.Release|Any CPU.ActiveCfg = Release|Any CPU
		{69CAD10A-AA72-B08C-41D7-EF645AC4665D}.Release|Any CPU.Build.0 = Release|Any CPU
		{ADF2F7D4-532D-FB48-3665-FC93F52149A0}.Debug|Any CPU.ActiveCfg = Debug|Any CPU
		{ADF2F7D4-532D-FB48-3665-FC93F52149A0}.Debug|Any CPU.Build.0 = Debug|Any CPU
		{ADF2F7D4-532D-FB48-3665-FC93F52149A0}.Release|Any CPU.ActiveCfg = Release|Any CPU
		{ADF2F7D4-532D-FB48-3665-FC93F52149A0}.Release|Any CPU.Build.0 = Release|Any CPU
	EndGlobalSection
	GlobalSection(SolutionProperties) = preSolution
		HideSolutionNode = FALSE
	EndGlobalSection
	GlobalSection(MonoDevelopProperties) = preSolution
		StartupItem = Assembly-CSharp.csproj
	EndGlobalSection
EndGlobal
